
Microsoft Visual Studio Solution File, Format Version 12.00
# Visual Studio 15
VisualStudioVersion = 15.0.26124.0
MinimumVisualStudioVersion = 15.0.26124.0
Project("{FAE04EC0-301F-11D3-BF4B-00C04F79EFBC}") = "R5T.Larissa.Default.Construction", "R5T.Larissa.Default.Construction\R5T.Larissa.Default.Construction.csproj", "{1F9988DA-009E-4C70-9C35-E5205F71BB87}"
EndProject
Project("{FAE04EC0-301F-11D3-BF4B-00C04F79EFBC}") = "R5T.Larissa.Default", "R5T.Larissa.Default\R5T.Larissa.Default.csproj", "{573E319A-0E10-4943-BE18-B77558F7685C}"
EndProject
Project("{FAE04EC0-301F-11D3-BF4B-00C04F79EFBC}") = "R5T.Larissa.Default.Testing", "R5T.Larissa.Default.Testing\R5T.Larissa.Default.Testing.csproj", "{E5E3EC4C-FDF2-485C-9EEA-ACA79A26C13D}"
EndProject
Global
	GlobalSection(SolutionConfigurationPlatforms) = preSolution
		Debug|Any CPU = Debug|Any CPU
		Debug|x64 = Debug|x64
		Debug|x86 = Debug|x86
		Release|Any CPU = Release|Any CPU
		Release|x64 = Release|x64
		Release|x86 = Release|x86
	EndGlobalSection
	GlobalSection(SolutionProperties) = preSolution
		HideSolutionNode = FALSE
	EndGlobalSection
	GlobalSection(ProjectConfigurationPlatforms) = postSolution
		{1F9988DA-009E-4C70-9C35-E5205F71BB87}.Debug|Any CPU.ActiveCfg = Debug|Any CPU
		{1F9988DA-009E-4C70-9C35-E5205F71BB87}.Debug|Any CPU.Build.0 = Debug|Any CPU
		{1F9988DA-009E-4C70-9C35-E5205F71BB87}.Debug|x64.ActiveCfg = Debug|Any CPU
		{1F9988DA-009E-4C70-9C35-E5205F71BB87}.Debug|x64.Build.0 = Debug|Any CPU
		{1F9988DA-009E-4C70-9C35-E5205F71BB87}.Debug|x86.ActiveCfg = Debug|Any CPU
		{1F9988DA-009E-4C70-9C35-E5205F71BB87}.Debug|x86.Build.0 = Debug|Any CPU
		{1F9988DA-009E-4C70-9C35-E5205F71BB87}.Release|Any CPU.ActiveCfg = Release|Any CPU
		{1F9988DA-009E-4C70-9C35-E5205F71BB87}.Release|Any CPU.Build.0 = Release|Any CPU
		{1F9988DA-009E-4C70-9C35-E5205F71BB87}.Release|x64.ActiveCfg = Release|Any CPU
		{1F9988DA-009E-4C70-9C35-E5205F71BB87}.Release|x64.Build.0 = Release|Any CPU
		{1F9988DA-009E-4C70-9C35-E5205F71BB87}.Release|x86.ActiveCfg = Release|Any CPU
		{1F9988DA-009E-4C70-9C35-E5205F71BB87}.Release|x86.Build.0 = Release|Any CPU
		{573E319A-0E10-4943-BE18-B77558F7685C}.Debug|Any CPU.ActiveCfg = Debug|Any CPU
		{573E319A-0E10-4943-BE18-B77558F7685C}.Debug|Any CPU.Build.0 = Debug|Any CPU
		{573E319A-0E10-4943-BE18-B77558F7685C}.Debug|x64.ActiveCfg = Debug|Any CPU
		{573E319A-0E10-4943-BE18-B77558F7685C}.Debug|x64.Build.0 = Debug|Any CPU
		{573E319A-0E10-4943-BE18-B77558F7685C}.Debug|x86.ActiveCfg = Debug|Any CPU
		{573E319A-0E10-4943-BE18-B77558F7685C}.Debug|x86.Build.0 = Debug|Any CPU
		{573E319A-0E10-4943-BE18-B77558F7685C}.Release|Any CPU.ActiveCfg = Release|Any CPU
		{573E319A-0E10-4943-BE18-B77558F7685C}.Release|Any CPU.Build.0 = Release|Any CPU
		{573E319A-0E10-4943-BE18-B77558F7685C}.Release|x64.ActiveCfg = Release|Any CPU
		{573E319A-0E10-4943-BE18-B77558F7685C}.Release|x64.Build.0 = Release|Any CPU
		{573E319A-0E10-4943-BE18-B77558F7685C}.Release|x86.ActiveCfg = Release|Any CPU
		{573E319A-0E10-4943-BE18-B77558F7685C}.Release|x86.Build.0 = Release|Any CPU
		{E5E3EC4C-FDF2-485C-9EEA-ACA79A26C13D}.Debug|Any CPU.ActiveCfg = Debug|Any CPU
		{E5E3EC4C-FDF2-485C-9EEA-ACA79A26C13D}.Debug|Any CPU.Build.0 = Debug|Any CPU
		{E5E3EC4C-FDF2-485C-9EEA-ACA79A26C13D}.Debug|x64.ActiveCfg = Debug|Any CPU
		{E5E3EC4C-FDF2-485C-9EEA-ACA79A26C13D}.Debug|x64.Build.0 = Debug|Any CPU
		{E5E3EC4C-FDF2-485C-9EEA-ACA79A26C13D}.Debug|x86.ActiveCfg = Debug|Any CPU
		{E5E3EC4C-FDF2-485C-9EEA-ACA79A26C13D}.Debug|x86.Build.0 = Debug|Any CPU
		{E5E3EC4C-FDF2-485C-9EEA-ACA79A26C13D}.Release|Any CPU.ActiveCfg = Release|Any CPU
		{E5E3EC4C-FDF2-485C-9EEA-ACA79A26C13D}.Release|Any CPU.Build.0 = Release|Any CPU
		{E5E3EC4C-FDF2-485C-9EEA-ACA79A26C13D}.Release|x64.ActiveCfg = Release|Any CPU
		{E5E3EC4C-FDF2-485C-9EEA-ACA79A26C13D}.Release|x64.Build.0 = Release|Any CPU
		{E5E3EC4C-FDF2-485C-9EEA-ACA79A26C13D}.Release|x86.ActiveCfg = Release|Any CPU
		{E5E3EC4C-FDF2-485C-9EEA-ACA79A26C13D}.Release|x86.Build.0 = Release|Any CPU
	EndGlobalSection
EndGlobal
