
Microsoft Visual Studio Solution File, Format Version 12.00
# Visual Studio 15
VisualStudioVersion = 15.0.26124.0
MinimumVisualStudioVersion = 15.0.26124.0
Project("{9A19103F-16F7-4668-BE54-9A1E7A4F7556}") = "R5T.Larissa.Default.Construction", "R5T.Larissa.Default.Construction\R5T.Larissa.Default.Construction.csproj", "{1F9988DA-009E-4C70-9C35-E5205F71BB87}"
EndProject
Project("{9A19103F-16F7-4668-BE54-9A1E7A4F7556}") = "R5T.Larissa.Default", "R5T.Larissa.Default\R5T.Larissa.Default.csproj", "{573E319A-0E10-4943-BE18-B77558F7685C}"
EndProject
Project("{9A19103F-16F7-4668-BE54-9A1E7A4F7556}") = "R5T.Larissa.Default.Testing", "R5T.Larissa.Default.Testing\R5T.Larissa.Default.Testing.csproj", "{E5E3EC4C-FDF2-485C-9EEA-ACA79A26C13D}"
EndProject
Project("{2150E333-8FDC-42A3-9474-1A3956D46DE8}") = "_Dependencies", "_Dependencies", "{75FDC3E6-A50D-4C9A-A4A7-E2EA8533AFC8}"
EndProject
Project("{9A19103F-16F7-4668-BE54-9A1E7A4F7556}") = "R5T.Caledonia.Base", "..\..\R5T.Caledonia.Base\source\R5T.Caledonia.Base\R5T.Caledonia.Base.csproj", "{092B90BC-98FF-42F2-9392-2ED80A025AD1}"
EndProject
Project("{9A19103F-16F7-4668-BE54-9A1E7A4F7556}") = "R5T.Larissa.Base", "..\..\R5T.Larissa.Base\source\R5T.Larissa.Base\R5T.Larissa.Base.csproj", "{2F329042-2C91-4222-9BFB-609920A9F5FE}"
EndProject
Project("{9A19103F-16F7-4668-BE54-9A1E7A4F7556}") = "R5T.Larissa.Commands", "..\..\R5T.Larissa.Commands\source\R5T.Larissa.Commands\R5T.Larissa.Commands.csproj", "{C3D1A1BE-A056-4A59-83FB-939EB30A948B}"
EndProject
Project("{9A19103F-16F7-4668-BE54-9A1E7A4F7556}") = "R5T.Larissa.Configuration", "..\..\R5T.Larissa.Configuration\source\R5T.Larissa.Configuration\R5T.Larissa.Configuration.csproj", "{76A08882-6E68-4653-B2E2-A78A55783B5A}"
EndProject
Project("{9A19103F-16F7-4668-BE54-9A1E7A4F7556}") = "R5T.Volos", "..\..\R5T.Volos\source\R5T.Volos\R5T.Volos.csproj", "{13D71F53-6CE5-475F-BA8B-98C0B54F72D0}"
EndProject
Project("{9A19103F-16F7-4668-BE54-9A1E7A4F7556}") = "R5T.Caledonia.Types", "..\..\R5T.Caledonia.Types\source\R5T.Caledonia.Types\R5T.Caledonia.Types.csproj", "{33832DE9-F768-40D8-B608-998131949D12}"
EndProject
Project("{9A19103F-16F7-4668-BE54-9A1E7A4F7556}") = "R5T.Magyar", "..\..\R5T.Magyar\source\R5T.Magyar\R5T.Magyar.csproj", "{F143C295-02DD-4EA6-9A4F-5BAEFC8E5404}"
EndProject
Project("{9A19103F-16F7-4668-BE54-9A1E7A4F7556}") = "R5T.Heraklion", "..\..\R5T.Heraklion\source\R5T.Heraklion\R5T.Heraklion.csproj", "{B96FC6A4-17D9-4F3B-8252-DC9BE845A647}"
EndProject
Project("{9A19103F-16F7-4668-BE54-9A1E7A4F7556}") = "R5T.Piraeus", "..\..\R5T.Piraeus\source\R5T.Piraeus\R5T.Piraeus.csproj", "{FC495DB6-1AC0-45E3-8064-865368180CF4}"
EndProject
Project("{9A19103F-16F7-4668-BE54-9A1E7A4F7556}") = "R5T.Heraklion.Default", "..\..\R5T.Heraklion.Default\source\R5T.Heraklion.Default\R5T.Heraklion.Default.csproj", "{A02B1A43-7E44-40E8-852A-10271B0BFEE3}"
EndProject
Project("{9A19103F-16F7-4668-BE54-9A1E7A4F7556}") = "R5T.Piraeus.StringBuilder", "..\..\R5T.Piraeus.StringBuilder\source\R5T.Piraeus.StringBuilder\R5T.Piraeus.StringBuilder.csproj", "{C2F31071-7066-4B03-BCCE-A174518C81F4}"
EndProject
Project("{FAE04EC0-301F-11D3-BF4B-00C04F79EFBC}") = "R5T.T0064", "..\..\R5T.T0064\source\R5T.T0064\R5T.T0064.csproj", "{AEBE2C79-2AB2-4D50-874E-9082D58D2839}"
EndProject
Global
	GlobalSection(SolutionConfigurationPlatforms) = preSolution
		Debug|Any CPU = Debug|Any CPU
		Debug|x64 = Debug|x64
		Debug|x86 = Debug|x86
		Release|Any CPU = Release|Any CPU
		Release|x64 = Release|x64
		Release|x86 = Release|x86
	EndGlobalSection
	GlobalSection(ProjectConfigurationPlatforms) = postSolution
		{1F9988DA-009E-4C70-9C35-E5205F71BB87}.Debug|Any CPU.ActiveCfg = Debug|Any CPU
		{1F9988DA-009E-4C70-9C35-E5205F71BB87}.Debug|Any CPU.Build.0 = Debug|Any CPU
		{1F9988DA-009E-4C70-9C35-E5205F71BB87}.Debug|x64.ActiveCfg = Debug|Any CPU
		{1F9988DA-009E-4C70-9C35-E5205F71BB87}.Debug|x64.Build.0 = Debug|Any CPU
		{1F9988DA-009E-4C70-9C35-E5205F71BB87}.Debug|x86.ActiveCfg = Debug|Any CPU
		{1F9988DA-009E-4C70-9C35-E5205F71BB87}.Debug|x86.Build.0 = Debug|Any CPU
		{1F9988DA-009E-4C70-9C35-E5205F71BB87}.Release|Any CPU.ActiveCfg = Release|Any CPU
		{1F9988DA-009E-4C70-9C35-E5205F71BB87}.Release|Any CPU.Build.0 = Release|Any CPU
		{1F9988DA-009E-4C70-9C35-E5205F71BB87}.Release|x64.ActiveCfg = Release|Any CPU
		{1F9988DA-009E-4C70-9C35-E5205F71BB87}.Release|x64.Build.0 = Release|Any CPU
		{1F9988DA-009E-4C70-9C35-E5205F71BB87}.Release|x86.ActiveCfg = Release|Any CPU
		{1F9988DA-009E-4C70-9C35-E5205F71BB87}.Release|x86.Build.0 = Release|Any CPU
		{573E319A-0E10-4943-BE18-B77558F7685C}.Debug|Any CPU.ActiveCfg = Debug|Any CPU
		{573E319A-0E10-4943-BE18-B77558F7685C}.Debug|Any CPU.Build.0 = Debug|Any CPU
		{573E319A-0E10-4943-BE18-B77558F7685C}.Debug|x64.ActiveCfg = Debug|Any CPU
		{573E319A-0E10-4943-BE18-B77558F7685C}.Debug|x64.Build.0 = Debug|Any CPU
		{573E319A-0E10-4943-BE18-B77558F7685C}.Debug|x86.ActiveCfg = Debug|Any CPU
		{573E319A-0E10-4943-BE18-B77558F7685C}.Debug|x86.Build.0 = Debug|Any CPU
		{573E319A-0E10-4943-BE18-B77558F7685C}.Release|Any CPU.ActiveCfg = Release|Any CPU
		{573E319A-0E10-4943-BE18-B77558F7685C}.Release|Any CPU.Build.0 = Release|Any CPU
		{573E319A-0E10-4943-BE18-B77558F7685C}.Release|x64.ActiveCfg = Release|Any CPU
		{573E319A-0E10-4943-BE18-B77558F7685C}.Release|x64.Build.0 = Release|Any CPU
		{573E319A-0E10-4943-BE18-B77558F7685C}.Release|x86.ActiveCfg = Release|Any CPU
		{573E319A-0E10-4943-BE18-B77558F7685C}.Release|x86.Build.0 = Release|Any CPU
		{E5E3EC4C-FDF2-485C-9EEA-ACA79A26C13D}.Debug|Any CPU.ActiveCfg = Debug|Any CPU
		{E5E3EC4C-FDF2-485C-9EEA-ACA79A26C13D}.Debug|Any CPU.Build.0 = Debug|Any CPU
		{E5E3EC4C-FDF2-485C-9EEA-ACA79A26C13D}.Debug|x64.ActiveCfg = Debug|Any CPU
		{E5E3EC4C-FDF2-485C-9EEA-ACA79A26C13D}.Debug|x64.Build.0 = Debug|Any CPU
		{E5E3EC4C-FDF2-485C-9EEA-ACA79A26C13D}.Debug|x86.ActiveCfg = Debug|Any CPU
		{E5E3EC4C-FDF2-485C-9EEA-ACA79A26C13D}.Debug|x86.Build.0 = Debug|Any CPU
		{E5E3EC4C-FDF2-485C-9EEA-ACA79A26C13D}.Release|Any CPU.ActiveCfg = Release|Any CPU
		{E5E3EC4C-FDF2-485C-9EEA-ACA79A26C13D}.Release|Any CPU.Build.0 = Release|Any CPU
		{E5E3EC4C-FDF2-485C-9EEA-ACA79A26C13D}.Release|x64.ActiveCfg = Release|Any CPU
		{E5E3EC4C-FDF2-485C-9EEA-ACA79A26C13D}.Release|x64.Build.0 = Release|Any CPU
		{E5E3EC4C-FDF2-485C-9EEA-ACA79A26C13D}.Release|x86.ActiveCfg = Release|Any CPU
		{E5E3EC4C-FDF2-485C-9EEA-ACA79A26C13D}.Release|x86.Build.0 = Release|Any CPU
		{092B90BC-98FF-42F2-9392-2ED80A025AD1}.Debug|Any CPU.ActiveCfg = Debug|Any CPU
		{092B90BC-98FF-42F2-9392-2ED80A025AD1}.Debug|Any CPU.Build.0 = Debug|Any CPU
		{092B90BC-98FF-42F2-9392-2ED80A025AD1}.Debug|x64.ActiveCfg = Debug|Any CPU
		{092B90BC-98FF-42F2-9392-2ED80A025AD1}.Debug|x64.Build.0 = Debug|Any CPU
		{092B90BC-98FF-42F2-9392-2ED80A025AD1}.Debug|x86.ActiveCfg = Debug|Any CPU
		{092B90BC-98FF-42F2-9392-2ED80A025AD1}.Debug|x86.Build.0 = Debug|Any CPU
		{092B90BC-98FF-42F2-9392-2ED80A025AD1}.Release|Any CPU.ActiveCfg = Release|Any CPU
		{092B90BC-98FF-42F2-9392-2ED80A025AD1}.Release|Any CPU.Build.0 = Release|Any CPU
		{092B90BC-98FF-42F2-9392-2ED80A025AD1}.Release|x64.ActiveCfg = Release|Any CPU
		{092B90BC-98FF-42F2-9392-2ED80A025AD1}.Release|x64.Build.0 = Release|Any CPU
		{092B90BC-98FF-42F2-9392-2ED80A025AD1}.Release|x86.ActiveCfg = Release|Any CPU
		{092B90BC-98FF-42F2-9392-2ED80A025AD1}.Release|x86.Build.0 = Release|Any CPU
		{2F329042-2C91-4222-9BFB-609920A9F5FE}.Debug|Any CPU.ActiveCfg = Debug|Any CPU
		{2F329042-2C91-4222-9BFB-609920A9F5FE}.Debug|Any CPU.Build.0 = Debug|Any CPU
		{2F329042-2C91-4222-9BFB-609920A9F5FE}.Debug|x64.ActiveCfg = Debug|Any CPU
		{2F329042-2C91-4222-9BFB-609920A9F5FE}.Debug|x64.Build.0 = Debug|Any CPU
		{2F329042-2C91-4222-9BFB-609920A9F5FE}.Debug|x86.ActiveCfg = Debug|Any CPU
		{2F329042-2C91-4222-9BFB-609920A9F5FE}.Debug|x86.Build.0 = Debug|Any CPU
		{2F329042-2C91-4222-9BFB-609920A9F5FE}.Release|Any CPU.ActiveCfg = Release|Any CPU
		{2F329042-2C91-4222-9BFB-609920A9F5FE}.Release|Any CPU.Build.0 = Release|Any CPU
		{2F329042-2C91-4222-9BFB-609920A9F5FE}.Release|x64.ActiveCfg = Release|Any CPU
		{2F329042-2C91-4222-9BFB-609920A9F5FE}.Release|x64.Build.0 = Release|Any CPU
		{2F329042-2C91-4222-9BFB-609920A9F5FE}.Release|x86.ActiveCfg = Release|Any CPU
		{2F329042-2C91-4222-9BFB-609920A9F5FE}.Release|x86.Build.0 = Release|Any CPU
		{C3D1A1BE-A056-4A59-83FB-939EB30A948B}.Debug|Any CPU.ActiveCfg = Debug|Any CPU
		{C3D1A1BE-A056-4A59-83FB-939EB30A948B}.Debug|Any CPU.Build.0 = Debug|Any CPU
		{C3D1A1BE-A056-4A59-83FB-939EB30A948B}.Debug|x64.ActiveCfg = Debug|Any CPU
		{C3D1A1BE-A056-4A59-83FB-939EB30A948B}.Debug|x64.Build.0 = Debug|Any CPU
		{C3D1A1BE-A056-4A59-83FB-939EB30A948B}.Debug|x86.ActiveCfg = Debug|Any CPU
		{C3D1A1BE-A056-4A59-83FB-939EB30A948B}.Debug|x86.Build.0 = Debug|Any CPU
		{C3D1A1BE-A056-4A59-83FB-939EB30A948B}.Release|Any CPU.ActiveCfg = Release|Any CPU
		{C3D1A1BE-A056-4A59-83FB-939EB30A948B}.Release|Any CPU.Build.0 = Release|Any CPU
		{C3D1A1BE-A056-4A59-83FB-939EB30A948B}.Release|x64.ActiveCfg = Release|Any CPU
		{C3D1A1BE-A056-4A59-83FB-939EB30A948B}.Release|x64.Build.0 = Release|Any CPU
		{C3D1A1BE-A056-4A59-83FB-939EB30A948B}.Release|x86.ActiveCfg = Release|Any CPU
		{C3D1A1BE-A056-4A59-83FB-939EB30A948B}.Release|x86.Build.0 = Release|Any CPU
		{76A08882-6E68-4653-B2E2-A78A55783B5A}.Debug|Any CPU.ActiveCfg = Debug|Any CPU
		{76A08882-6E68-4653-B2E2-A78A55783B5A}.Debug|Any CPU.Build.0 = Debug|Any CPU
		{76A08882-6E68-4653-B2E2-A78A55783B5A}.Debug|x64.ActiveCfg = Debug|Any CPU
		{76A08882-6E68-4653-B2E2-A78A55783B5A}.Debug|x64.Build.0 = Debug|Any CPU
		{76A08882-6E68-4653-B2E2-A78A55783B5A}.Debug|x86.ActiveCfg = Debug|Any CPU
		{76A08882-6E68-4653-B2E2-A78A55783B5A}.Debug|x86.Build.0 = Debug|Any CPU
		{76A08882-6E68-4653-B2E2-A78A55783B5A}.Release|Any CPU.ActiveCfg = Release|Any CPU
		{76A08882-6E68-4653-B2E2-A78A55783B5A}.Release|Any CPU.Build.0 = Release|Any CPU
		{76A08882-6E68-4653-B2E2-A78A55783B5A}.Release|x64.ActiveCfg = Release|Any CPU
		{76A08882-6E68-4653-B2E2-A78A55783B5A}.Release|x64.Build.0 = Release|Any CPU
		{76A08882-6E68-4653-B2E2-A78A55783B5A}.Release|x86.ActiveCfg = Release|Any CPU
		{76A08882-6E68-4653-B2E2-A78A55783B5A}.Release|x86.Build.0 = Release|Any CPU
		{13D71F53-6CE5-475F-BA8B-98C0B54F72D0}.Debug|Any CPU.ActiveCfg = Debug|Any CPU
		{13D71F53-6CE5-475F-BA8B-98C0B54F72D0}.Debug|Any CPU.Build.0 = Debug|Any CPU
		{13D71F53-6CE5-475F-BA8B-98C0B54F72D0}.Debug|x64.ActiveCfg = Debug|Any CPU
		{13D71F53-6CE5-475F-BA8B-98C0B54F72D0}.Debug|x64.Build.0 = Debug|Any CPU
		{13D71F53-6CE5-475F-BA8B-98C0B54F72D0}.Debug|x86.ActiveCfg = Debug|Any CPU
		{13D71F53-6CE5-475F-BA8B-98C0B54F72D0}.Debug|x86.Build.0 = Debug|Any CPU
		{13D71F53-6CE5-475F-BA8B-98C0B54F72D0}.Release|Any CPU.ActiveCfg = Release|Any CPU
		{13D71F53-6CE5-475F-BA8B-98C0B54F72D0}.Release|Any CPU.Build.0 = Release|Any CPU
		{13D71F53-6CE5-475F-BA8B-98C0B54F72D0}.Release|x64.ActiveCfg = Release|Any CPU
		{13D71F53-6CE5-475F-BA8B-98C0B54F72D0}.Release|x64.Build.0 = Release|Any CPU
		{13D71F53-6CE5-475F-BA8B-98C0B54F72D0}.Release|x86.ActiveCfg = Release|Any CPU
		{13D71F53-6CE5-475F-BA8B-98C0B54F72D0}.Release|x86.Build.0 = Release|Any CPU
		{33832DE9-F768-40D8-B608-998131949D12}.Debug|Any CPU.ActiveCfg = Debug|Any CPU
		{33832DE9-F768-40D8-B608-998131949D12}.Debug|Any CPU.Build.0 = Debug|Any CPU
		{33832DE9-F768-40D8-B608-998131949D12}.Debug|x64.ActiveCfg = Debug|Any CPU
		{33832DE9-F768-40D8-B608-998131949D12}.Debug|x64.Build.0 = Debug|Any CPU
		{33832DE9-F768-40D8-B608-998131949D12}.Debug|x86.ActiveCfg = Debug|Any CPU
		{33832DE9-F768-40D8-B608-998131949D12}.Debug|x86.Build.0 = Debug|Any CPU
		{33832DE9-F768-40D8-B608-998131949D12}.Release|Any CPU.ActiveCfg = Release|Any CPU
		{33832DE9-F768-40D8-B608-998131949D12}.Release|Any CPU.Build.0 = Release|Any CPU
		{33832DE9-F768-40D8-B608-998131949D12}.Release|x64.ActiveCfg = Release|Any CPU
		{33832DE9-F768-40D8-B608-998131949D12}.Release|x64.Build.0 = Release|Any CPU
		{33832DE9-F768-40D8-B608-998131949D12}.Release|x86.ActiveCfg = Release|Any CPU
		{33832DE9-F768-40D8-B608-998131949D12}.Release|x86.Build.0 = Release|Any CPU
		{F143C295-02DD-4EA6-9A4F-5BAEFC8E5404}.Debug|Any CPU.ActiveCfg = Debug|Any CPU
		{F143C295-02DD-4EA6-9A4F-5BAEFC8E5404}.Debug|Any CPU.Build.0 = Debug|Any CPU
		{F143C295-02DD-4EA6-9A4F-5BAEFC8E5404}.Debug|x64.ActiveCfg = Debug|Any CPU
		{F143C295-02DD-4EA6-9A4F-5BAEFC8E5404}.Debug|x64.Build.0 = Debug|Any CPU
		{F143C295-02DD-4EA6-9A4F-5BAEFC8E5404}.Debug|x86.ActiveCfg = Debug|Any CPU
		{F143C295-02DD-4EA6-9A4F-5BAEFC8E5404}.Debug|x86.Build.0 = Debug|Any CPU
		{F143C295-02DD-4EA6-9A4F-5BAEFC8E5404}.Release|Any CPU.ActiveCfg = Release|Any CPU
		{F143C295-02DD-4EA6-9A4F-5BAEFC8E5404}.Release|Any CPU.Build.0 = Release|Any CPU
		{F143C295-02DD-4EA6-9A4F-5BAEFC8E5404}.Release|x64.ActiveCfg = Release|Any CPU
		{F143C295-02DD-4EA6-9A4F-5BAEFC8E5404}.Release|x64.Build.0 = Release|Any CPU
		{F143C295-02DD-4EA6-9A4F-5BAEFC8E5404}.Release|x86.ActiveCfg = Release|Any CPU
		{F143C295-02DD-4EA6-9A4F-5BAEFC8E5404}.Release|x86.Build.0 = Release|Any CPU
		{B96FC6A4-17D9-4F3B-8252-DC9BE845A647}.Debug|Any CPU.ActiveCfg = Debug|Any CPU
		{B96FC6A4-17D9-4F3B-8252-DC9BE845A647}.Debug|Any CPU.Build.0 = Debug|Any CPU
		{B96FC6A4-17D9-4F3B-8252-DC9BE845A647}.Debug|x64.ActiveCfg = Debug|Any CPU
		{B96FC6A4-17D9-4F3B-8252-DC9BE845A647}.Debug|x64.Build.0 = Debug|Any CPU
		{B96FC6A4-17D9-4F3B-8252-DC9BE845A647}.Debug|x86.ActiveCfg = Debug|Any CPU
		{B96FC6A4-17D9-4F3B-8252-DC9BE845A647}.Debug|x86.Build.0 = Debug|Any CPU
		{B96FC6A4-17D9-4F3B-8252-DC9BE845A647}.Release|Any CPU.ActiveCfg = Release|Any CPU
		{B96FC6A4-17D9-4F3B-8252-DC9BE845A647}.Release|Any CPU.Build.0 = Release|Any CPU
		{B96FC6A4-17D9-4F3B-8252-DC9BE845A647}.Release|x64.ActiveCfg = Release|Any CPU
		{B96FC6A4-17D9-4F3B-8252-DC9BE845A647}.Release|x64.Build.0 = Release|Any CPU
		{B96FC6A4-17D9-4F3B-8252-DC9BE845A647}.Release|x86.ActiveCfg = Release|Any CPU
		{B96FC6A4-17D9-4F3B-8252-DC9BE845A647}.Release|x86.Build.0 = Release|Any CPU
		{FC495DB6-1AC0-45E3-8064-865368180CF4}.Debug|Any CPU.ActiveCfg = Debug|Any CPU
		{FC495DB6-1AC0-45E3-8064-865368180CF4}.Debug|Any CPU.Build.0 = Debug|Any CPU
		{FC495DB6-1AC0-45E3-8064-865368180CF4}.Debug|x64.ActiveCfg = Debug|Any CPU
		{FC495DB6-1AC0-45E3-8064-865368180CF4}.Debug|x64.Build.0 = Debug|Any CPU
		{FC495DB6-1AC0-45E3-8064-865368180CF4}.Debug|x86.ActiveCfg = Debug|Any CPU
		{FC495DB6-1AC0-45E3-8064-865368180CF4}.Debug|x86.Build.0 = Debug|Any CPU
		{FC495DB6-1AC0-45E3-8064-865368180CF4}.Release|Any CPU.ActiveCfg = Release|Any CPU
		{FC495DB6-1AC0-45E3-8064-865368180CF4}.Release|Any CPU.Build.0 = Release|Any CPU
		{FC495DB6-1AC0-45E3-8064-865368180CF4}.Release|x64.ActiveCfg = Release|Any CPU
		{FC495DB6-1AC0-45E3-8064-865368180CF4}.Release|x64.Build.0 = Release|Any CPU
		{FC495DB6-1AC0-45E3-8064-865368180CF4}.Release|x86.ActiveCfg = Release|Any CPU
		{FC495DB6-1AC0-45E3-8064-865368180CF4}.Release|x86.Build.0 = Release|Any CPU
		{A02B1A43-7E44-40E8-852A-10271B0BFEE3}.Debug|Any CPU.ActiveCfg = Debug|Any CPU
		{A02B1A43-7E44-40E8-852A-10271B0BFEE3}.Debug|Any CPU.Build.0 = Debug|Any CPU
		{A02B1A43-7E44-40E8-852A-10271B0BFEE3}.Debug|x64.ActiveCfg = Debug|Any CPU
		{A02B1A43-7E44-40E8-852A-10271B0BFEE3}.Debug|x64.Build.0 = Debug|Any CPU
		{A02B1A43-7E44-40E8-852A-10271B0BFEE3}.Debug|x86.ActiveCfg = Debug|Any CPU
		{A02B1A43-7E44-40E8-852A-10271B0BFEE3}.Debug|x86.Build.0 = Debug|Any CPU
		{A02B1A43-7E44-40E8-852A-10271B0BFEE3}.Release|Any CPU.ActiveCfg = Release|Any CPU
		{A02B1A43-7E44-40E8-852A-10271B0BFEE3}.Release|Any CPU.Build.0 = Release|Any CPU
		{A02B1A43-7E44-40E8-852A-10271B0BFEE3}.Release|x64.ActiveCfg = Release|Any CPU
		{A02B1A43-7E44-40E8-852A-10271B0BFEE3}.Release|x64.Build.0 = Release|Any CPU
		{A02B1A43-7E44-40E8-852A-10271B0BFEE3}.Release|x86.ActiveCfg = Release|Any CPU
		{A02B1A43-7E44-40E8-852A-10271B0BFEE3}.Release|x86.Build.0 = Release|Any CPU
		{C2F31071-7066-4B03-BCCE-A174518C81F4}.Debug|Any CPU.ActiveCfg = Debug|Any CPU
		{C2F31071-7066-4B03-BCCE-A174518C81F4}.Debug|Any CPU.Build.0 = Debug|Any CPU
		{C2F31071-7066-4B03-BCCE-A174518C81F4}.Debug|x64.ActiveCfg = Debug|Any CPU
		{C2F31071-7066-4B03-BCCE-A174518C81F4}.Debug|x64.Build.0 = Debug|Any CPU
		{C2F31071-7066-4B03-BCCE-A174518C81F4}.Debug|x86.ActiveCfg = Debug|Any CPU
		{C2F31071-7066-4B03-BCCE-A174518C81F4}.Debug|x86.Build.0 = Debug|Any CPU
		{C2F31071-7066-4B03-BCCE-A174518C81F4}.Release|Any CPU.ActiveCfg = Release|Any CPU
		{C2F31071-7066-4B03-BCCE-A174518C81F4}.Release|Any CPU.Build.0 = Release|Any CPU
		{C2F31071-7066-4B03-BCCE-A174518C81F4}.Release|x64.ActiveCfg = Release|Any CPU
		{C2F31071-7066-4B03-BCCE-A174518C81F4}.Release|x64.Build.0 = Release|Any CPU
		{C2F31071-7066-4B03-BCCE-A174518C81F4}.Release|x86.ActiveCfg = Release|Any CPU
		{C2F31071-7066-4B03-BCCE-A174518C81F4}.Release|x86.Build.0 = Release|Any CPU
		{AEBE2C79-2AB2-4D50-874E-9082D58D2839}.Debug|Any CPU.ActiveCfg = Debug|Any CPU
		{AEBE2C79-2AB2-4D50-874E-9082D58D2839}.Debug|Any CPU.Build.0 = Debug|Any CPU
		{AEBE2C79-2AB2-4D50-874E-9082D58D2839}.Debug|x64.ActiveCfg = Debug|Any CPU
		{AEBE2C79-2AB2-4D50-874E-9082D58D2839}.Debug|x64.Build.0 = Debug|Any CPU
		{AEBE2C79-2AB2-4D50-874E-9082D58D2839}.Debug|x86.ActiveCfg = Debug|Any CPU
		{AEBE2C79-2AB2-4D50-874E-9082D58D2839}.Debug|x86.Build.0 = Debug|Any CPU
		{AEBE2C79-2AB2-4D50-874E-9082D58D2839}.Release|Any CPU.ActiveCfg = Release|Any CPU
		{AEBE2C79-2AB2-4D50-874E-9082D58D2839}.Release|Any CPU.Build.0 = Release|Any CPU
		{AEBE2C79-2AB2-4D50-874E-9082D58D2839}.Release|x64.ActiveCfg = Release|Any CPU
		{AEBE2C79-2AB2-4D50-874E-9082D58D2839}.Release|x64.Build.0 = Release|Any CPU
		{AEBE2C79-2AB2-4D50-874E-9082D58D2839}.Release|x86.ActiveCfg = Release|Any CPU
		{AEBE2C79-2AB2-4D50-874E-9082D58D2839}.Release|x86.Build.0 = Release|Any CPU
	EndGlobalSection
	GlobalSection(SolutionProperties) = preSolution
		HideSolutionNode = FALSE
	EndGlobalSection
	GlobalSection(NestedProjects) = preSolution
		{092B90BC-98FF-42F2-9392-2ED80A025AD1} = {75FDC3E6-A50D-4C9A-A4A7-E2EA8533AFC8}
		{2F329042-2C91-4222-9BFB-609920A9F5FE} = {75FDC3E6-A50D-4C9A-A4A7-E2EA8533AFC8}
		{C3D1A1BE-A056-4A59-83FB-939EB30A948B} = {75FDC3E6-A50D-4C9A-A4A7-E2EA8533AFC8}
		{76A08882-6E68-4653-B2E2-A78A55783B5A} = {75FDC3E6-A50D-4C9A-A4A7-E2EA8533AFC8}
		{13D71F53-6CE5-475F-BA8B-98C0B54F72D0} = {75FDC3E6-A50D-4C9A-A4A7-E2EA8533AFC8}
		{33832DE9-F768-40D8-B608-998131949D12} = {75FDC3E6-A50D-4C9A-A4A7-E2EA8533AFC8}
		{F143C295-02DD-4EA6-9A4F-5BAEFC8E5404} = {75FDC3E6-A50D-4C9A-A4A7-E2EA8533AFC8}
		{B96FC6A4-17D9-4F3B-8252-DC9BE845A647} = {75FDC3E6-A50D-4C9A-A4A7-E2EA8533AFC8}
		{FC495DB6-1AC0-45E3-8064-865368180CF4} = {75FDC3E6-A50D-4C9A-A4A7-E2EA8533AFC8}
		{A02B1A43-7E44-40E8-852A-10271B0BFEE3} = {75FDC3E6-A50D-4C9A-A4A7-E2EA8533AFC8}
		{C2F31071-7066-4B03-BCCE-A174518C81F4} = {75FDC3E6-A50D-4C9A-A4A7-E2EA8533AFC8}
		{AEBE2C79-2AB2-4D50-874E-9082D58D2839} = {75FDC3E6-A50D-4C9A-A4A7-E2EA8533AFC8}
	EndGlobalSection
	GlobalSection(ExtensibilityGlobals) = postSolution
		SolutionGuid = {8ADB4DC4-D659-4AD3-9418-EAFB9D2E447F}
	EndGlobalSection
EndGlobal
